{
  "projects": [
    {
      "projectId": "n22P5UCTG6TSvQEwcAgng5",
      "version": "latest",
      "dependencies": {},
      "lang": "js",
      "fileLocks": [
        {
          "type": "globalVariant",
          "assetId": "USHrCz8USPKSB",
          "checksum": "4fc9b33a117e6adf8a69b5f9d36a56d6"
        },
        {
          "assetId": "n22P5UCTG6TSvQEwcAgng5",
          "type": "projectCss",
          "checksum": "cc785d20dfcbe6a4d02d3bbd2a00438c"
        },
        {
          "type": "renderModule",
          "assetId": "nbIni8d0jvuI",
          "checksum": "bf021302a7d9af18d99a16f87f6d8fef"
        },
        {
          "type": "cssRules",
          "assetId": "nbIni8d0jvuI",
          "checksum": "bf021302a7d9af18d99a16f87f6d8fef"
        },
        {
          "type": "renderModule",
          "assetId": "7D7rbF4eiHT",
          "checksum": "16fa1a7c47e2a25bf8c40e9eabda1c02"
        },
        {
          "type": "cssRules",
          "assetId": "7D7rbF4eiHT",
          "checksum": "16fa1a7c47e2a25bf8c40e9eabda1c02"
        },
        {
          "type": "renderModule",
          "assetId": "L5GENl_EDr",
          "checksum": "641c3b37f5e05da6791a170f29567e6a"
        },
        {
          "type": "cssRules",
          "assetId": "L5GENl_EDr",
          "checksum": "641c3b37f5e05da6791a170f29567e6a"
        },
        {
          "type": "icon",
          "assetId": "E3jHtZg22Yn",
          "checksum": "1098c16c03a3d16c0837177f2e4c28a9"
        },
        {
          "type": "icon",
          "assetId": "if9K40E9qYJ",
          "checksum": "3f2263232e9b85bdd86a981677d163f3"
        },
        {
          "type": "icon",
          "assetId": "kkjSx718Dk",
          "checksum": "e8f7992c125e90171d615f56e87d7057"
        },
        {
          "type": "icon",
          "assetId": "GTwiR8sw2c",
          "checksum": "19cb1b05d3f3ba9b47649dcd8fddcde7"
        },
        {
          "type": "icon",
          "assetId": "7tpAvFgbHj",
          "checksum": "03f3858ba382571f00c46707e20ba86c"
        },
        {
          "type": "icon",
          "assetId": "mDTfVwCOLI",
          "checksum": "3e7edee0dbf6fc75e6cb3f3ee97a94d7"
        },
        {
          "type": "icon",
          "assetId": "6aMNcomd6D",
          "checksum": "a5356c8f810c44321fdf40e455692c26"
        },
        {
          "type": "icon",
          "assetId": "ut0gqxxX82",
          "checksum": "462183e02912aa4bc02506395711a4e9"
        },
        {
          "type": "icon",
          "assetId": "J9a5-XTry0",
          "checksum": "05b039b7655773c616eb6ea56a955ca9"
        },
        {
          "type": "image",
          "assetId": "_RGKc2lkT",
          "checksum": "d9f9b2b62ab47f1d0c7d036645571638"
        },
        {
          "type": "image",
          "assetId": "2Djzt2Ety",
          "checksum": "021886ee20a73c19b0bdd3cfa10563e6"
        },
        {
          "type": "image",
          "assetId": "5d1ZIM7Cc",
          "checksum": "d94d48387269bf988e81d2dadc702965"
        },
        {
          "type": "image",
          "assetId": "KRBSwZAHp",
          "checksum": "7a62a75c8a051d2cadc953bc2890ebe5"
        },
        {
          "type": "image",
          "assetId": "TF9w75b-G",
          "checksum": "df9fd8b3c71da61dbf2a5ae3f43b86b7"
        }
      ],
      "codegenVersion": "0.0.1"
    }
  ],
  "cliVersion": "0.1.178"
}
